
Microsoft Visual Studio Solution File, Format Version 12.00
# Visual Studio Version 17
VisualStudioVersion = 17.14.36511.14 d17.14
MinimumVisualStudioVersion = 10.0.40219.1
Project("{FAE04EC0-301F-11D3-BF4B-00C04F79EFBC}") = "Api21.10.25", "Api21.10.25\Api21.10.25.csproj", "{4E66015C-EC64-43ED-B7A4-776D98BA72D2}"
EndProject
Global
	GlobalSection(SolutionConfigurationPlatforms) = preSolution
		Debug|Any CPU = Debug|Any CPU
		Release|Any CPU = Release|Any CPU
	EndGlobalSection
	GlobalSection(ProjectConfigurationPlatforms) = postSolution
		{4E66015C-EC64-43ED-B7A4-776D98BA72D2}.Debug|Any CPU.ActiveCfg = Debug|Any CPU
		{4E66015C-EC64-43ED-B7A4-776D98BA72D2}.Debug|Any CPU.Build.0 = Debug|Any CPU
		{4E66015C-EC64-43ED-B7A4-776D98BA72D2}.Release|Any CPU.ActiveCfg = Release|Any CPU
		{4E66015C-EC64-43ED-B7A4-776D98BA72D2}.Release|Any CPU.Build.0 = Release|Any CPU
	EndGlobalSection
	GlobalSection(SolutionProperties) = preSolution
		HideSolutionNode = FALSE
	EndGlobalSection
	GlobalSection(ExtensibilityGlobals) = postSolution
		SolutionGuid = {B5DE519F-6FF7-48A4-9BEA-99845C6C0AEE}
	EndGlobalSection
EndGlobal
